
Microsoft Visual Studio Solution File, Format Version 12.00
# Visual Studio Version 17
VisualStudioVersion = 17.10.35004.147
MinimumVisualStudioVersion = 10.0.40219.1
Project("{FAE04EC0-301F-11D3-BF4B-00C04F79EFBC}") = "calculadora", "calculadora\calculadora.csproj", "{910ACC40-A61E-49C7-A5FE-4B84D0BA66B0}"
EndProject
Global
	GlobalSection(SolutionConfigurationPlatforms) = preSolution
		Debug|Any CPU = Debug|Any CPU
		Release|Any CPU = Release|Any CPU
	EndGlobalSection
	GlobalSection(ProjectConfigurationPlatforms) = postSolution
		{910ACC40-A61E-49C7-A5FE-4B84D0BA66B0}.Debug|Any CPU.ActiveCfg = Debug|Any CPU
		{910ACC40-A61E-49C7-A5FE-4B84D0BA66B0}.Debug|Any CPU.Build.0 = Debug|Any CPU
		{910ACC40-A61E-49C7-A5FE-4B84D0BA66B0}.Release|Any CPU.ActiveCfg = Release|Any CPU
		{910ACC40-A61E-49C7-A5FE-4B84D0BA66B0}.Release|Any CPU.Build.0 = Release|Any CPU
	EndGlobalSection
	GlobalSection(SolutionProperties) = preSolution
		HideSolutionNode = FALSE
	EndGlobalSection
	GlobalSection(ExtensibilityGlobals) = postSolution
		SolutionGuid = {60A2BD1D-99D7-463F-B61C-0483D638EF1C}
	EndGlobalSection
EndGlobal
